PODS:
  - GonyCustomeCorner (1.0.0)

DEPENDENCIES:
  - GonyCustomeCorner (from `../`)

EXTERNAL SOURCES:
  GonyCustomeCorner:
    :path: "../"

SPEC CHECKSUMS:
  GonyCustomeCorner: b2d6011a5e92b3e106f927d5a2a6f08cf538ed4a

PODFILE CHECKSUM: 356d3e2c29a4ac3e26e7de92329018527c1d2a6c

COCOAPODS: 1.8.4
